
Microsoft Visual Studio Solution File, Format Version 12.00
Project("{FAE04EC0-301F-11D3-BF4B-00C04F79EFBC}") = "FirstProgram", "FirstProgram\FirstProgram.csproj", "{8DA36DF7-D852-452D-BEDE-8E9AFF1E7C59}"
EndProject
Global
	GlobalSection(SolutionConfigurationPlatforms) = preSolution
		Debug|Any CPU = Debug|Any CPU
		Release|Any CPU = Release|Any CPU
	EndGlobalSection
	GlobalSection(ProjectConfigurationPlatforms) = postSolution
		{8DA36DF7-D852-452D-BEDE-8E9AFF1E7C59}.Debug|Any CPU.ActiveCfg = Debug|Any CPU
		{8DA36DF7-D852-452D-BEDE-8E9AFF1E7C59}.Debug|Any CPU.Build.0 = Debug|Any CPU
		{8DA36DF7-D852-452D-BEDE-8E9AFF1E7C59}.Release|Any CPU.ActiveCfg = Release|Any CPU
		{8DA36DF7-D852-452D-BEDE-8E9AFF1E7C59}.Release|Any CPU.Build.0 = Release|Any CPU
	EndGlobalSection
EndGlobal
