
Microsoft Visual Studio Solution File, Format Version 12.00
Project("{FAE04EC0-301F-11D3-BF4B-00C04F79EFBC}") = "fitness-center", "fitness-center\fitness-center.csproj", "{48711955-D9A4-4E8A-A9C1-C45713B8DFBB}"
EndProject
Global
	GlobalSection(SolutionConfigurationPlatforms) = preSolution
		Debug|Any CPU = Debug|Any CPU
		Release|Any CPU = Release|Any CPU
	EndGlobalSection
	GlobalSection(ProjectConfigurationPlatforms) = postSolution
		{48711955-D9A4-4E8A-A9C1-C45713B8DFBB}.Debug|Any CPU.ActiveCfg = Debug|Any CPU
		{48711955-D9A4-4E8A-A9C1-C45713B8DFBB}.Debug|Any CPU.Build.0 = Debug|Any CPU
		{48711955-D9A4-4E8A-A9C1-C45713B8DFBB}.Release|Any CPU.ActiveCfg = Release|Any CPU
		{48711955-D9A4-4E8A-A9C1-C45713B8DFBB}.Release|Any CPU.Build.0 = Release|Any CPU
	EndGlobalSection
EndGlobal
