
Microsoft Visual Studio Solution File, Format Version 12.00
Project("{FAE04EC0-301F-11D3-BF4B-00C04F79EFBC}") = "DiceRollerLab", "DiceRollerLab\DiceRollerLab.csproj", "{C2ABAC5D-F337-4532-B723-3F38EA8063AB}"
EndProject
Global
	GlobalSection(SolutionConfigurationPlatforms) = preSolution
		Debug|Any CPU = Debug|Any CPU
		Release|Any CPU = Release|Any CPU
	EndGlobalSection
	GlobalSection(ProjectConfigurationPlatforms) = postSolution
		{C2ABAC5D-F337-4532-B723-3F38EA8063AB}.Debug|Any CPU.ActiveCfg = Debug|Any CPU
		{C2ABAC5D-F337-4532-B723-3F38EA8063AB}.Debug|Any CPU.Build.0 = Debug|Any CPU
		{C2ABAC5D-F337-4532-B723-3F38EA8063AB}.Release|Any CPU.ActiveCfg = Release|Any CPU
		{C2ABAC5D-F337-4532-B723-3F38EA8063AB}.Release|Any CPU.Build.0 = Release|Any CPU
	EndGlobalSection
EndGlobal
